
Microsoft Visual Studio Solution File, Format Version 12.00
Project("{FAE04EC0-301F-11D3-BF4B-00C04F79EFBC}") = "lab1", "lab1.csproj", "{BE2632B9-7CE6-4BBC-A400-851BFC403029}"
EndProject
Global
	GlobalSection(SolutionConfigurationPlatforms) = preSolution
		Debug|Any CPU = Debug|Any CPU
		Release|Any CPU = Release|Any CPU
	EndGlobalSection
	GlobalSection(ProjectConfigurationPlatforms) = postSolution
		{BE2632B9-7CE6-4BBC-A400-851BFC403029}.Debug|Any CPU.ActiveCfg = Debug|Any CPU
		{BE2632B9-7CE6-4BBC-A400-851BFC403029}.Debug|Any CPU.Build.0 = Debug|Any CPU
		{BE2632B9-7CE6-4BBC-A400-851BFC403029}.Release|Any CPU.ActiveCfg = Release|Any CPU
		{BE2632B9-7CE6-4BBC-A400-851BFC403029}.Release|Any CPU.Build.0 = Release|Any CPU
	EndGlobalSection
EndGlobal
